
Microsoft Visual Studio Solution File, Format Version 12.00
# Visual Studio Version 17
VisualStudioVersion = 17.3.32922.545
MinimumVisualStudioVersion = 10.0.40219.1
Project("{FAE04EC0-301F-11D3-BF4B-00C04F79EFBC}") = "TiendaApi", "TiendaApi\TiendaApi.csproj", "{54527837-9A63-4B57-B211-E9AB984190AD}"
EndProject
Global
	GlobalSection(SolutionConfigurationPlatforms) = preSolution
		Debug|Any CPU = Debug|Any CPU
		Release|Any CPU = Release|Any CPU
	EndGlobalSection
	GlobalSection(ProjectConfigurationPlatforms) = postSolution
		{54527837-9A63-4B57-B211-E9AB984190AD}.Debug|Any CPU.ActiveCfg = Debug|Any CPU
		{54527837-9A63-4B57-B211-E9AB984190AD}.Debug|Any CPU.Build.0 = Debug|Any CPU
		{54527837-9A63-4B57-B211-E9AB984190AD}.Release|Any CPU.ActiveCfg = Release|Any CPU
		{54527837-9A63-4B57-B211-E9AB984190AD}.Release|Any CPU.Build.0 = Release|Any CPU
	EndGlobalSection
	GlobalSection(SolutionProperties) = preSolution
		HideSolutionNode = FALSE
	EndGlobalSection
	GlobalSection(ExtensibilityGlobals) = postSolution
		SolutionGuid = {F6BD7107-3790-4364-AE57-94A1DF43D670}
	EndGlobalSection
EndGlobal
